
Microsoft Visual Studio Solution File, Format Version 12.00
# Visual Studio Version 16
VisualStudioVersion = 16.0.31112.23
MinimumVisualStudioVersion = 10.0.40219.1
Project("{9A19103F-16F7-4668-BE54-9A1E7A4F7556}") = "SportsStore", "SportsStore\SportsStore.csproj", "{CF0ECF13-B83D-4A90-A96D-80A4D3A186F7}"
EndProject
Project("{9A19103F-16F7-4668-BE54-9A1E7A4F7556}") = "SportsStore.Tests", "SportsStore.Tests\SportsStore.Tests.csproj", "{67DF8D7E-C6F0-4038-B08F-DDE20499F0B9}"
EndProject
Global
	GlobalSection(SolutionConfigurationPlatforms) = preSolution
		Debug|Any CPU = Debug|Any CPU
		Release|Any CPU = Release|Any CPU
	EndGlobalSection
	GlobalSection(ProjectConfigurationPlatforms) = postSolution
		{CF0ECF13-B83D-4A90-A96D-80A4D3A186F7}.Debug|Any CPU.ActiveCfg = Debug|Any CPU
		{CF0ECF13-B83D-4A90-A96D-80A4D3A186F7}.Debug|Any CPU.Build.0 = Debug|Any CPU
		{CF0ECF13-B83D-4A90-A96D-80A4D3A186F7}.Release|Any CPU.ActiveCfg = Release|Any CPU
		{CF0ECF13-B83D-4A90-A96D-80A4D3A186F7}.Release|Any CPU.Build.0 = Release|Any CPU
		{67DF8D7E-C6F0-4038-B08F-DDE20499F0B9}.Debug|Any CPU.ActiveCfg = Debug|Any CPU
		{67DF8D7E-C6F0-4038-B08F-DDE20499F0B9}.Debug|Any CPU.Build.0 = Debug|Any CPU
		{67DF8D7E-C6F0-4038-B08F-DDE20499F0B9}.Release|Any CPU.ActiveCfg = Release|Any CPU
		{67DF8D7E-C6F0-4038-B08F-DDE20499F0B9}.Release|Any CPU.Build.0 = Release|Any CPU
	EndGlobalSection
	GlobalSection(SolutionProperties) = preSolution
		HideSolutionNode = FALSE
	EndGlobalSection
	GlobalSection(ExtensibilityGlobals) = postSolution
		SolutionGuid = {EC0254FB-CE36-4CC8-B92C-840FC963AADF}
	EndGlobalSection
EndGlobal
